
Microsoft Visual Studio Solution File, Format Version 12.00
# Visual Studio Version 17
VisualStudioVersion = 17.7.34202.233
MinimumVisualStudioVersion = 10.0.40219.1
Project("{FAE04EC0-301F-11D3-BF4B-00C04F79EFBC}") = "RazorPageMovie", "RazorPageMovie\RazorPageMovie.csproj", "{AE805B9A-7D58-4F21-8E9E-9F30E8B61A05}"
EndProject
Global
	GlobalSection(SolutionConfigurationPlatforms) = preSolution
		Debug|Any CPU = Debug|Any CPU
		Release|Any CPU = Release|Any CPU
	EndGlobalSection
	GlobalSection(ProjectConfigurationPlatforms) = postSolution
		{AE805B9A-7D58-4F21-8E9E-9F30E8B61A05}.Debug|Any CPU.ActiveCfg = Debug|Any CPU
		{AE805B9A-7D58-4F21-8E9E-9F30E8B61A05}.Debug|Any CPU.Build.0 = Debug|Any CPU
		{AE805B9A-7D58-4F21-8E9E-9F30E8B61A05}.Release|Any CPU.ActiveCfg = Release|Any CPU
		{AE805B9A-7D58-4F21-8E9E-9F30E8B61A05}.Release|Any CPU.Build.0 = Release|Any CPU
	EndGlobalSection
	GlobalSection(SolutionProperties) = preSolution
		HideSolutionNode = FALSE
	EndGlobalSection
	GlobalSection(ExtensibilityGlobals) = postSolution
		SolutionGuid = {2A57113A-8C14-40FE-B0D3-247946B598D8}
	EndGlobalSection
EndGlobal
